// !$*UTF8*$!
{
	archiveVersion = 1;
	classes = {
	};
	objectVersion = 51;
	objects = {

/* Begin PBXBuildFile section */
		2D209D8277FE1203E215CDE4 /* Pods_BlessYouTests.framework in Frameworks */ = {isa = PBXBuildFile; fileRef = EEAC16EF871094355AA37975 /* Pods_BlessYouTests.framework */; };
		9B0BF0519843D6460E0ABC7D /* Pods_BlessYou.framework in Frameworks */ = {isa = PBXBuildFile; fileRef = 44ABC0B3DB5FBB3A6DB981AF /* Pods_BlessYou.framework */; };
		DC8D9E876889342167DB3213 /* Pods_BlessYou_BlessYouUITests.framework in Frameworks */ = {isa = PBXBuildFile; fileRef = 3BBF212421DE0F66146D5A54 /* Pods_BlessYou_BlessYouUITests.framework */; };
		DF1EC964249E78B400ABDB88 /* GoogleService-Info.plist in Resources */ = {isa = PBXBuildFile; fileRef = DF1EC963249E78B400ABDB88 /* GoogleService-Info.plist */; };
		DF38C95024C1B41B00C9888A /* Spinner.swift in Sources */ = {isa = PBXBuildFile; fileRef = DF38C94F24C1B41B00C9888A /* Spinner.swift */; };
		DF53CC8924B87CEA0022A4BB /* deleteProtocol.swift in Sources */ = {isa = PBXBuildFile; fileRef = DF53CC8824B87CEA0022A4BB /* deleteProtocol.swift */; };
		DF5F9032249A61E7005288F6 /* userGoogle.swift in Sources */ = {isa = PBXBuildFile; fileRef = DF5F9031249A61E7005288F6 /* userGoogle.swift */; };
		DF5F9034249E4C5A005288F6 /* SubscirbeController.swift in Sources */ = {isa = PBXBuildFile; fileRef = DF5F9033249E4C5A005288F6 /* SubscirbeController.swift */; };
		DF60C46524BA679500D8F04B /* SoundManager.swift in Sources */ = {isa = PBXBuildFile; fileRef = DF60C46424BA679500D8F04B /* SoundManager.swift */; };
		DF60C46824BA683E00D8F04B /* happyBirthdayCheers.mp3 in Resources */ = {isa = PBXBuildFile; fileRef = DF60C46724BA683E00D8F04B /* happyBirthdayCheers.mp3 */; };
		DF60C46A24BA6E3800D8F04B /* trash.mp3 in Resources */ = {isa = PBXBuildFile; fileRef = DF60C46924BA6E3800D8F04B /* trash.mp3 */; };
		DF79196324AA3CFB0063DF12 /* MyNotification.swift in Sources */ = {isa = PBXBuildFile; fileRef = DF79196224AA3CFB0063DF12 /* MyNotification.swift */; };
		DF79196A24AF17440063DF12 /* dateTimeUtil.swift in Sources */ = {isa = PBXBuildFile; fileRef = DF79196924AF17440063DF12 /* dateTimeUtil.swift */; };
		DF79197324AF48960063DF12 /* signInProtocol.swift in Sources */ = {isa = PBXBuildFile; fileRef = DF79197224AF48960063DF12 /* signInProtocol.swift */; };
		DF79197724AF57A00063DF12 /* TodayBirthdaysCell.swift in Sources */ = {isa = PBXBuildFile; fileRef = DF79197624AF57A00063DF12 /* TodayBirthdaysCell.swift */; };
		DF79197924AF596B0063DF12 /* todayBirthdaysController.swift in Sources */ = {isa = PBXBuildFile; fileRef = DF79197824AF596B0063DF12 /* todayBirthdaysController.swift */; };
		DF79197B24AF6BF40063DF12 /* birthdayDetails.swift in Sources */ = {isa = PBXBuildFile; fileRef = DF79197A24AF6BF40063DF12 /* birthdayDetails.swift */; };
		DF79197D24B0543B0063DF12 /* blessController.swift in Sources */ = {isa = PBXBuildFile; fileRef = DF79197C24B0543B0063DF12 /* blessController.swift */; };
		DF79197F24B0635E0063DF12 /* blessProtocol.swift in Sources */ = {isa = PBXBuildFile; fileRef = DF79197E24B0635E0063DF12 /* blessProtocol.swift */; };
		DF79198124B07A540063DF12 /* homeController.swift in Sources */ = {isa = PBXBuildFile; fileRef = DF79198024B07A540063DF12 /* homeController.swift */; };
		DF79198324B07BE10063DF12 /* todayBirthdays.swift in Sources */ = {isa = PBXBuildFile; fileRef = DF79198224B07BE10063DF12 /* todayBirthdays.swift */; };
		DF79198524B08AAD0063DF12 /* chooseDateController.swift in Sources */ = {isa = PBXBuildFile; fileRef = DF79198424B08AAD0063DF12 /* chooseDateController.swift */; };
		DF79198724B08ACB0063DF12 /* chooseTypeController.swift in Sources */ = {isa = PBXBuildFile; fileRef = DF79198624B08ACB0063DF12 /* chooseTypeController.swift */; };
		DF79198924B09C320063DF12 /* subscriptionsController.swift in Sources */ = {isa = PBXBuildFile; fileRef = DF79198824B09C320063DF12 /* subscriptionsController.swift */; };
		DF79198C24B0A5A30063DF12 /* SubscriptionsCell.swift in Sources */ = {isa = PBXBuildFile; fileRef = DF79198B24B0A5A30063DF12 /* SubscriptionsCell.swift */; };
		DF79198E24B0B85A0063DF12 /* subscriptionsProtocol.swift in Sources */ = {isa = PBXBuildFile; fileRef = DF79198D24B0B85A0063DF12 /* subscriptionsProtocol.swift */; };
		DF84975D24A1DB0F0018348C /* fireStore.swift in Sources */ = {isa = PBXBuildFile; fileRef = DF84975C24A1DB0F0018348C /* fireStore.swift */; };
		DF8B71B1249A4048004F4751 /* AppDelegate.swift in Sources */ = {isa = PBXBuildFile; fileRef = DF8B71B0249A4048004F4751 /* AppDelegate.swift */; };
		DF8B71B3249A4048004F4751 /* SceneDelegate.swift in Sources */ = {isa = PBXBuildFile; fileRef = DF8B71B2249A4048004F4751 /* SceneDelegate.swift */; };
		DF8B71B5249A4048004F4751 /* signInController.swift in Sources */ = {isa = PBXBuildFile; fileRef = DF8B71B4249A4048004F4751 /* signInController.swift */; };
		DF8B71B8249A4048004F4751 /* Main.storyboard in Resources */ = {isa = PBXBuildFile; fileRef = DF8B71B6249A4048004F4751 /* Main.storyboard */; };
		DF8B71BA249A4049004F4751 /* Assets.xcassets in Resources */ = {isa = PBXBuildFile; fileRef = DF8B71B9249A4049004F4751 /* Assets.xcassets */; };
		DF8B71BD249A4049004F4751 /* LaunchScreen.storyboard in Resources */ = {isa = PBXBuildFile; fileRef = DF8B71BB249A4049004F4751 /* LaunchScreen.storyboard */; };
		DF8B71C8249A4049004F4751 /* BlessYouTests.swift in Sources */ = {isa = PBXBuildFile; fileRef = DF8B71C7249A4049004F4751 /* BlessYouTests.swift */; };
		DF8B71D3249A4049004F4751 /* BlessYouUITests.swift in Sources */ = {isa = PBXBuildFile; fileRef = DF8B71D2249A4049004F4751 /* BlessYouUITests.swift */; };
/* End PBXBuildFile section */

/* Begin PBXContainerItemProxy section */
		DF8B71C4249A4049004F4751 /* PBXContainerItemProxy */ = {
			isa = PBXContainerItemProxy;
			containerPortal = DF8B71A5249A4048004F4751 /* Project object */;
			proxyType = 1;
			remoteGlobalIDString = DF8B71AC249A4048004F4751;
			remoteInfo = BlessYou;
		};
		DF8B71CF249A4049004F4751 /* PBXContainerItemProxy */ = {
			isa = PBXContainerItemProxy;
			containerPortal = DF8B71A5249A4048004F4751 /* Project object */;
			proxyType = 1;
			remoteGlobalIDString = DF8B71AC249A4048004F4751;
			remoteInfo = BlessYou;
		};
/* End PBXContainerItemProxy section */

/* Begin PBXFileReference section */
		12A3192C2F06400EF188D9DE /* Pods-BlessYou-BlessYouUITests.release.xcconfig */ = {isa = PBXFileReference; includeInIndex = 1; lastKnownFileType = text.xcconfig; name = "Pods-BlessYou-BlessYouUITests.release.xcconfig"; path = "Target Support Files/Pods-BlessYou-BlessYouUITests/Pods-BlessYou-BlessYouUITests.release.xcconfig"; sourceTree = "<group>"; };
		1E777DE95DDEB621E6374758 /* Pods-BlessYouTests.debug.xcconfig */ = {isa = PBXFileReference; includeInIndex = 1; lastKnownFileType = text.xcconfig; name = "Pods-BlessYouTests.debug.xcconfig"; path = "Target Support Files/Pods-BlessYouTests/Pods-BlessYouTests.debug.xcconfig"; sourceTree = "<group>"; };
		1EF352C5B57A3DDEA2544AD0 /* Pods-BlessYou.debug.xcconfig */ = {isa = PBXFileReference; includeInIndex = 1; lastKnownFileType = text.xcconfig; name = "Pods-BlessYou.debug.xcconfig"; path = "Target Support Files/Pods-BlessYou/Pods-BlessYou.debug.xcconfig"; sourceTree = "<group>"; };
		3BBF212421DE0F66146D5A54 /* Pods_BlessYou_BlessYouUITests.framework */ = {isa = PBXFileReference; explicitFileType = wrapper.framework; includeInIndex = 0; path = Pods_BlessYou_BlessYouUITests.framework; sourceTree = BUILT_PRODUCTS_DIR; };
		44ABC0B3DB5FBB3A6DB981AF /* Pods_BlessYou.framework */ = {isa = PBXFileReference; explicitFileType = wrapper.framework; includeInIndex = 0; path = Pods_BlessYou.framework; sourceTree = BUILT_PRODUCTS_DIR; };
		DF1EC963249E78B400ABDB88 /* GoogleService-Info.plist */ = {isa = PBXFileReference; fileEncoding = 4; lastKnownFileType = text.plist.xml; path = "GoogleService-Info.plist"; sourceTree = "<group>"; };
		DF38C94F24C1B41B00C9888A /* Spinner.swift */ = {isa = PBXFileReference; lastKnownFileType = sourcecode.swift; path = Spinner.swift; sourceTree = "<group>"; };
		DF53CC8824B87CEA0022A4BB /* deleteProtocol.swift */ = {isa = PBXFileReference; lastKnownFileType = sourcecode.swift; path = deleteProtocol.swift; sourceTree = "<group>"; };
		DF5F9031249A61E7005288F6 /* userGoogle.swift */ = {isa = PBXFileReference; lastKnownFileType = sourcecode.swift; path = userGoogle.swift; sourceTree = "<group>"; };
		DF5F9033249E4C5A005288F6 /* SubscirbeController.swift */ = {isa = PBXFileReference; lastKnownFileType = sourcecode.swift; path = SubscirbeController.swift; sourceTree = "<group>"; };
		DF60C46424BA679500D8F04B /* SoundManager.swift */ = {isa = PBXFileReference; lastKnownFileType = sourcecode.swift; path = SoundManager.swift; sourceTree = "<group>"; };
		DF60C46724BA683E00D8F04B /* happyBirthdayCheers.mp3 */ = {isa = PBXFileReference; lastKnownFileType = audio.mp3; path = happyBirthdayCheers.mp3; sourceTree = "<group>"; };
		DF60C46924BA6E3800D8F04B /* trash.mp3 */ = {isa = PBXFileReference; lastKnownFileType = audio.mp3; path = trash.mp3; sourceTree = "<group>"; };
		DF79196224AA3CFB0063DF12 /* MyNotification.swift */ = {isa = PBXFileReference; lastKnownFileType = sourcecode.swift; path = MyNotification.swift; sourceTree = "<group>"; };
		DF79196924AF17440063DF12 /* dateTimeUtil.swift */ = {isa = PBXFileReference; lastKnownFileType = sourcecode.swift; path = dateTimeUtil.swift; sourceTree = "<group>"; };
		DF79197224AF48960063DF12 /* signInProtocol.swift */ = {isa = PBXFileReference; lastKnownFileType = sourcecode.swift; path = signInProtocol.swift; sourceTree = "<group>"; };
		DF79197624AF57A00063DF12 /* TodayBirthdaysCell.swift */ = {isa = PBXFileReference; lastKnownFileType = sourcecode.swift; path = TodayBirthdaysCell.swift; sourceTree = "<group>"; };
		DF79197824AF596B0063DF12 /* todayBirthdaysController.swift */ = {isa = PBXFileReference; lastKnownFileType = sourcecode.swift; path = todayBirthdaysController.swift; sourceTree = "<group>"; };
		DF79197A24AF6BF40063DF12 /* birthdayDetails.swift */ = {isa = PBXFileReference; lastKnownFileType = sourcecode.swift; path = birthdayDetails.swift; sourceTree = "<group>"; };
		DF79197C24B0543B0063DF12 /* blessController.swift */ = {isa = PBXFileReference; lastKnownFileType = sourcecode.swift; path = blessController.swift; sourceTree = "<group>"; };
		DF79197E24B0635E0063DF12 /* blessProtocol.swift */ = {isa = PBXFileReference; lastKnownFileType = sourcecode.swift; path = blessProtocol.swift; sourceTree = "<group>"; };
		DF79198024B07A540063DF12 /* homeController.swift */ = {isa = PBXFileReference; fileEncoding = 4; lastKnownFileType = sourcecode.swift; path = homeController.swift; sourceTree = "<group>"; };
		DF79198224B07BE10063DF12 /* todayBirthdays.swift */ = {isa = PBXFileReference; lastKnownFileType = sourcecode.swift; path = todayBirthdays.swift; sourceTree = "<group>"; };
		DF79198424B08AAD0063DF12 /* chooseDateController.swift */ = {isa = PBXFileReference; lastKnownFileType = sourcecode.swift; path = chooseDateController.swift; sourceTree = "<group>"; };
		DF79198624B08ACB0063DF12 /* chooseTypeController.swift */ = {isa = PBXFileReference; lastKnownFileType = sourcecode.swift; path = chooseTypeController.swift; sourceTree = "<group>"; };
		DF79198824B09C320063DF12 /* subscriptionsController.swift */ = {isa = PBXFileReference; lastKnownFileType = sourcecode.swift; path = subscriptionsController.swift; sourceTree = "<group>"; };
		DF79198B24B0A5A30063DF12 /* SubscriptionsCell.swift */ = {isa = PBXFileReference; lastKnownFileType = sourcecode.swift; path = SubscriptionsCell.swift; sourceTree = "<group>"; };
		DF79198D24B0B85A0063DF12 /* subscriptionsProtocol.swift */ = {isa = PBXFileReference; lastKnownFileType = sourcecode.swift; path = subscriptionsProtocol.swift; sourceTree = "<group>"; };
		DF84975C24A1DB0F0018348C /* fireStore.swift */ = {isa = PBXFileReference; lastKnownFileType = sourcecode.swift; path = fireStore.swift; sourceTree = "<group>"; };
		DF8B71AD249A4048004F4751 /* BlessYou.app */ = {isa = PBXFileReference; explicitFileType = wrapper.application; includeInIndex = 0; path = BlessYou.app; sourceTree = BUILT_PRODUCTS_DIR; };
		DF8B71B0249A4048004F4751 /* AppDelegate.swift */ = {isa = PBXFileReference; lastKnownFileType = sourcecode.swift; path = AppDelegate.swift; sourceTree = "<group>"; };
		DF8B71B2249A4048004F4751 /* SceneDelegate.swift */ = {isa = PBXFileReference; lastKnownFileType = sourcecode.swift; path = SceneDelegate.swift; sourceTree = "<group>"; };
		DF8B71B4249A4048004F4751 /* signInController.swift */ = {isa = PBXFileReference; lastKnownFileType = sourcecode.swift; path = signInController.swift; sourceTree = "<group>"; };
		DF8B71B7249A4048004F4751 /* Base */ = {isa = PBXFileReference; lastKnownFileType = file.storyboard; name = Base; path = Base.lproj/Main.storyboard; sourceTree = "<group>"; };
		DF8B71B9249A4049004F4751 /* Assets.xcassets */ = {isa = PBXFileReference; lastKnownFileType = folder.assetcatalog; path = Assets.xcassets; sourceTree = "<group>"; };
		DF8B71BC249A4049004F4751 /* Base */ = {isa = PBXFileReference; lastKnownFileType = file.storyboard; name = Base; path = Base.lproj/LaunchScreen.storyboard; sourceTree = "<group>"; };
		DF8B71BE249A4049004F4751 /* Info.plist */ = {isa = PBXFileReference; lastKnownFileType = text.plist.xml; path = Info.plist; sourceTree = "<group>"; };
		DF8B71C3249A4049004F4751 /* BlessYouTests.xctest */ = {isa = PBXFileReference; explicitFileType = wrapper.cfbundle; includeInIndex = 0; path = BlessYouTests.xctest; sourceTree = BUILT_PRODUCTS_DIR; };
		DF8B71C7249A4049004F4751 /* BlessYouTests.swift */ = {isa = PBXFileReference; lastKnownFileType = sourcecode.swift; path = BlessYouTests.swift; sourceTree = "<group>"; };
		DF8B71C9249A4049004F4751 /* Info.plist */ = {isa = PBXFileReference; lastKnownFileType = text.plist.xml; path = Info.plist; sourceTree = "<group>"; };
		DF8B71CE249A4049004F4751 /* BlessYouUITests.xctest */ = {isa = PBXFileReference; explicitFileType = wrapper.cfbundle; includeInIndex = 0; path = BlessYouUITests.xctest; sourceTree = BUILT_PRODUCTS_DIR; };
		DF8B71D2249A4049004F4751 /* BlessYouUITests.swift */ = {isa = PBXFileReference; lastKnownFileType = sourcecode.swift; path = BlessYouUITests.swift; sourceTree = "<group>"; };
		DF8B71D4249A4049004F4751 /* Info.plist */ = {isa = PBXFileReference; lastKnownFileType = text.plist.xml; path = Info.plist; sourceTree = "<group>"; };
		E1898E6BC2583502AC40F5AC /* Pods-BlessYou.release.xcconfig */ = {isa = PBXFileReference; includeInIndex = 1; lastKnownFileType = text.xcconfig; name = "Pods-BlessYou.release.xcconfig"; path = "Target Support Files/Pods-BlessYou/Pods-BlessYou.release.xcconfig"; sourceTree = "<group>"; };
		E4B3114C3908A5A213274F1F /* Pods-BlessYouTests.release.xcconfig */ = {isa = PBXFileReference; includeInIndex = 1; lastKnownFileType = text.xcconfig; name = "Pods-BlessYouTests.release.xcconfig"; path = "Target Support Files/Pods-BlessYouTests/Pods-BlessYouTests.release.xcconfig"; sourceTree = "<group>"; };
		EE18DC2C3CE29DC4D065D0DE /* Pods-BlessYou-BlessYouUITests.debug.xcconfig */ = {isa = PBXFileReference; includeInIndex = 1; lastKnownFileType = text.xcconfig; name = "Pods-BlessYou-BlessYouUITests.debug.xcconfig"; path = "Target Support Files/Pods-BlessYou-BlessYouUITests/Pods-BlessYou-BlessYouUITests.debug.xcconfig"; sourceTree = "<group>"; };
		EEAC16EF871094355AA37975 /* Pods_BlessYouTests.framework */ = {isa = PBXFileReference; explicitFileType = wrapper.framework; includeInIndex = 0; path = Pods_BlessYouTests.framework; sourceTree = BUILT_PRODUCTS_DIR; };
/* End PBXFileReference section */

/* Begin PBXFrameworksBuildPhase section */
		DF8B71AA249A4048004F4751 /* Frameworks */ = {
			isa = PBXFrameworksBuildPhase;
			buildActionMask = 2147483647;
			files = (
				9B0BF0519843D6460E0ABC7D /* Pods_BlessYou.framework in Frameworks */,
			);
			runOnlyForDeploymentPostprocessing = 0;
		};
		DF8B71C0249A4049004F4751 /* Frameworks */ = {
			isa = PBXFrameworksBuildPhase;
			buildActionMask = 2147483647;
			files = (
				2D209D8277FE1203E215CDE4 /* Pods_BlessYouTests.framework in Frameworks */,
			);
			runOnlyForDeploymentPostprocessing = 0;
		};
		DF8B71CB249A4049004F4751 /* Frameworks */ = {
			isa = PBXFrameworksBuildPhase;
			buildActionMask = 2147483647;
			files = (
				DC8D9E876889342167DB3213 /* Pods_BlessYou_BlessYouUITests.framework in Frameworks */,
			);
			runOnlyForDeploymentPostprocessing = 0;
		};
/* End PBXFrameworksBuildPhase section */

/* Begin PBXGroup section */
		908F229558A3E287C7CC94C0 /* Frameworks */ = {
			isa = PBXGroup;
			children = (
				44ABC0B3DB5FBB3A6DB981AF /* Pods_BlessYou.framework */,
				3BBF212421DE0F66146D5A54 /* Pods_BlessYou_BlessYouUITests.framework */,
				EEAC16EF871094355AA37975 /* Pods_BlessYouTests.framework */,
			);
			name = Frameworks;
			sourceTree = "<group>";
		};
		AFDB86150A5A7BA8CD4EC46D /* Pods */ = {
			isa = PBXGroup;
			children = (
				1EF352C5B57A3DDEA2544AD0 /* Pods-BlessYou.debug.xcconfig */,
				E1898E6BC2583502AC40F5AC /* Pods-BlessYou.release.xcconfig */,
				EE18DC2C3CE29DC4D065D0DE /* Pods-BlessYou-BlessYouUITests.debug.xcconfig */,
				12A3192C2F06400EF188D9DE /* Pods-BlessYou-BlessYouUITests.release.xcconfig */,
				1E777DE95DDEB621E6374758 /* Pods-BlessYouTests.debug.xcconfig */,
				E4B3114C3908A5A213274F1F /* Pods-BlessYouTests.release.xcconfig */,
			);
			path = Pods;
			sourceTree = "<group>";
		};
		DF60C46624BA67C000D8F04B /* Sounds */ = {
			isa = PBXGroup;
			children = (
				DF60C46924BA6E3800D8F04B /* trash.mp3 */,
				DF60C46724BA683E00D8F04B /* happyBirthdayCheers.mp3 */,
			);
			path = Sounds;
			sourceTree = "<group>";
		};
		DF79196624AF16CA0063DF12 /* Utils */ = {
			isa = PBXGroup;
			children = (
				DF79196924AF17440063DF12 /* dateTimeUtil.swift */,
				DF60C46424BA679500D8F04B /* SoundManager.swift */,
				DF38C94F24C1B41B00C9888A /* Spinner.swift */,
			);
			path = Utils;
			sourceTree = "<group>";
		};
		DF79196724AF16E00063DF12 /* Controllers */ = {
			isa = PBXGroup;
			children = (
				DF79198024B07A540063DF12 /* homeController.swift */,
				DF8B71B4249A4048004F4751 /* signInController.swift */,
				DF5F9033249E4C5A005288F6 /* SubscirbeController.swift */,
				DF79197824AF596B0063DF12 /* todayBirthdaysController.swift */,
				DF79197C24B0543B0063DF12 /* blessController.swift */,
				DF79198424B08AAD0063DF12 /* chooseDateController.swift */,
				DF79198624B08ACB0063DF12 /* chooseTypeController.swift */,
				DF79198824B09C320063DF12 /* subscriptionsController.swift */,
			);
			path = Controllers;
			sourceTree = "<group>";
		};
		DF79196824AF17010063DF12 /* Models */ = {
			isa = PBXGroup;
			children = (
				DF79196224AA3CFB0063DF12 /* MyNotification.swift */,
				DF5F9031249A61E7005288F6 /* userGoogle.swift */,
				DF79197624AF57A00063DF12 /* TodayBirthdaysCell.swift */,
				DF79197A24AF6BF40063DF12 /* birthdayDetails.swift */,
				DF79198224B07BE10063DF12 /* todayBirthdays.swift */,
				DF79198B24B0A5A30063DF12 /* SubscriptionsCell.swift */,
			);
			path = Models;
			sourceTree = "<group>";
		};
		DF79197124AF485E0063DF12 /* Protocols */ = {
			isa = PBXGroup;
			children = (
				DF79197224AF48960063DF12 /* signInProtocol.swift */,
				DF79197E24B0635E0063DF12 /* blessProtocol.swift */,
				DF79198D24B0B85A0063DF12 /* subscriptionsProtocol.swift */,
				DF53CC8824B87CEA0022A4BB /* deleteProtocol.swift */,
			);
			path = Protocols;
			sourceTree = "<group>";
		};
		DF84975B24A1DAE30018348C /* DB */ = {
			isa = PBXGroup;
			children = (
				DF84975C24A1DB0F0018348C /* fireStore.swift */,
			);
			path = DB;
			sourceTree = "<group>";
		};
		DF8B71A4249A4048004F4751 = {
			isa = PBXGroup;
			children = (
				DF8B71AF249A4048004F4751 /* BlessYou */,
				DF8B71C6249A4049004F4751 /* BlessYouTests */,
				DF8B71D1249A4049004F4751 /* BlessYouUITests */,
				DF8B71AE249A4048004F4751 /* Products */,
				AFDB86150A5A7BA8CD4EC46D /* Pods */,
				908F229558A3E287C7CC94C0 /* Frameworks */,
			);
			sourceTree = "<group>";
		};
		DF8B71AE249A4048004F4751 /* Products */ = {
			isa = PBXGroup;
			children = (
				DF8B71AD249A4048004F4751 /* BlessYou.app */,
				DF8B71C3249A4049004F4751 /* BlessYouTests.xctest */,
				DF8B71CE249A4049004F4751 /* BlessYouUITests.xctest */,
			);
			name = Products;
			sourceTree = "<group>";
		};
		DF8B71AF249A4048004F4751 /* BlessYou */ = {
			isa = PBXGroup;
			children = (
				DF79197124AF485E0063DF12 /* Protocols */,
				DF79196724AF16E00063DF12 /* Controllers */,
				DF79196824AF17010063DF12 /* Models */,
				DF84975B24A1DAE30018348C /* DB */,
				DF79196624AF16CA0063DF12 /* Utils */,
				DF60C46624BA67C000D8F04B /* Sounds */,
				DF8B71B0249A4048004F4751 /* AppDelegate.swift */,
				DF8B71B2249A4048004F4751 /* SceneDelegate.swift */,
				DF8B71B6249A4048004F4751 /* Main.storyboard */,
				DF8B71B9249A4049004F4751 /* Assets.xcassets */,
				DF8B71BB249A4049004F4751 /* LaunchScreen.storyboard */,
				DF1EC963249E78B400ABDB88 /* GoogleService-Info.plist */,
				DF8B71BE249A4049004F4751 /* Info.plist */,
			);
			path = BlessYou;
			sourceTree = "<group>";
		};
		DF8B71C6249A4049004F4751 /* BlessYouTests */ = {
			isa = PBXGroup;
			children = (
				DF8B71C7249A4049004F4751 /* BlessYouTests.swift */,
				DF8B71C9249A4049004F4751 /* Info.plist */,
			);
			path = BlessYouTests;
			sourceTree = "<group>";
		};
		DF8B71D1249A4049004F4751 /* BlessYouUITests */ = {
			isa = PBXGroup;
			children = (
				DF8B71D2249A4049004F4751 /* BlessYouUITests.swift */,
				DF8B71D4249A4049004F4751 /* Info.plist */,
			);
			path = BlessYouUITests;
			sourceTree = "<group>";
		};
/* End PBXGroup section */

/* Begin PBXNativeTarget section */
		DF8B71AC249A4048004F4751 /* BlessYou */ = {
			isa = PBXNativeTarget;
			buildConfigurationList = DF8B71D7249A4049004F4751 /* Build configuration list for PBXNativeTarget "BlessYou" */;
			buildPhases = (
				FB612C69F8732F85B2296405 /* [CP] Check Pods Manifest.lock */,
				DF8B71A9249A4048004F4751 /* Sources */,
				DF8B71AA249A4048004F4751 /* Frameworks */,
				DF8B71AB249A4048004F4751 /* Resources */,
				A16CFD6E47B349F8D02DB266 /* [CP] Embed Pods Frameworks */,
				7BC0C1C73655AEA9F640243F /* [CP] Copy Pods Resources */,
			);
			buildRules = (
			);
			dependencies = (
			);
			name = BlessYou;
			productName = BlessYou;
			productReference = DF8B71AD249A4048004F4751 /* BlessYou.app */;
			productType = "com.apple.product-type.application";
		};
		DF8B71C2249A4049004F4751 /* BlessYouTests */ = {
			isa = PBXNativeTarget;
			buildConfigurationList = DF8B71DA249A4049004F4751 /* Build configuration list for PBXNativeTarget "BlessYouTests" */;
			buildPhases = (
				53DF414EEE8FCDE143A37159 /* [CP] Check Pods Manifest.lock */,
				DF8B71BF249A4049004F4751 /* Sources */,
				DF8B71C0249A4049004F4751 /* Frameworks */,
				DF8B71C1249A4049004F4751 /* Resources */,
			);
			buildRules = (
			);
			dependencies = (
				DF8B71C5249A4049004F4751 /* PBXTargetDependency */,
			);
			name = BlessYouTests;
			productName = BlessYouTests;
			productReference = DF8B71C3249A4049004F4751 /* BlessYouTests.xctest */;
			productType = "com.apple.product-type.bundle.unit-test";
		};
		DF8B71CD249A4049004F4751 /* BlessYouUITests */ = {
			isa = PBXNativeTarget;
			buildConfigurationList = DF8B71DD249A4049004F4751 /* Build configuration list for PBXNativeTarget "BlessYouUITests" */;
			buildPhases = (
				00CC5DF371CCA5FF7B64BE99 /* [CP] Check Pods Manifest.lock */,
				DF8B71CA249A4049004F4751 /* Sources */,
				DF8B71CB249A4049004F4751 /* Frameworks */,
				DF8B71CC249A4049004F4751 /* Resources */,
				938AAEBB87A9DF42551A27B4 /* [CP] Embed Pods Frameworks */,
				474C4A5DFBC1B40843D8939E /* [CP] Copy Pods Resources */,
			);
			buildRules = (
			);
			dependencies = (
				DF8B71D0249A4049004F4751 /* PBXTargetDependency */,
			);
			name = BlessYouUITests;
			productName = BlessYouUITests;
			productReference = DF8B71CE249A4049004F4751 /* BlessYouUITests.xctest */;
			productType = "com.apple.product-type.bundle.ui-testing";
		};
/* End PBXNativeTarget section */

/* Begin PBXProject section */
		DF8B71A5249A4048004F4751 /* Project object */ = {
			isa = PBXProject;
			attributes = {
				LastSwiftUpdateCheck = 1130;
				LastUpgradeCheck = 1130;
				ORGANIZATIONNAME = "Mor Soferian";
				TargetAttributes = {
					DF8B71AC249A4048004F4751 = {
						CreatedOnToolsVersion = 11.3.1;
					};
					DF8B71C2249A4049004F4751 = {
						CreatedOnToolsVersion = 11.3.1;
						TestTargetID = DF8B71AC249A4048004F4751;
					};
					DF8B71CD249A4049004F4751 = {
						CreatedOnToolsVersion = 11.3.1;
						TestTargetID = DF8B71AC249A4048004F4751;
					};
				};
			};
			buildConfigurationList = DF8B71A8249A4048004F4751 /* Build configuration list for PBXProject "BlessYou" */;
			compatibilityVersion = "Xcode 9.3";
			developmentRegion = en;
			hasScannedForEncodings = 0;
			knownRegions = (
				en,
				Base,
			);
			mainGroup = DF8B71A4249A4048004F4751;
			productRefGroup = DF8B71AE249A4048004F4751 /* Products */;
			projectDirPath = "";
			projectRoot = "";
			targets = (
				DF8B71AC249A4048004F4751 /* BlessYou */,
				DF8B71C2249A4049004F4751 /* BlessYouTests */,
				DF8B71CD249A4049004F4751 /* BlessYouUITests */,
			);
		};
/* End PBXProject section */

/* Begin PBXResourcesBuildPhase section */
		DF8B71AB249A4048004F4751 /* Resources */ = {
			isa = PBXResourcesBuildPhase;
			buildActionMask = 2147483647;
			files = (
				DF8B71BD249A4049004F4751 /* LaunchScreen.storyboard in Resources */,
				DF1EC964249E78B400ABDB88 /* GoogleService-Info.plist in Resources */,
				DF8B71BA249A4049004F4751 /* Assets.xcassets in Resources */,
				DF8B71B8249A4048004F4751 /* Main.storyboard in Resources */,
				DF60C46824BA683E00D8F04B /* happyBirthdayCheers.mp3 in Resources */,
				DF60C46A24BA6E3800D8F04B /* trash.mp3 in Resources */,
			);
			runOnlyForDeploymentPostprocessing = 0;
		};
		DF8B71C1249A4049004F4751 /* Resources */ = {
			isa = PBXResourcesBuildPhase;
			buildActionMask = 2147483647;
			files = (
			);
			runOnlyForDeploymentPostprocessing = 0;
		};
		DF8B71CC249A4049004F4751 /* Resources */ = {
			isa = PBXResourcesBuildPhase;
			buildActionMask = 2147483647;
			files = (
			);
			runOnlyForDeploymentPostprocessing = 0;
		};
/* End PBXResourcesBuildPhase section */

/* Begin PBXShellScriptBuildPhase section */
		00CC5DF371CCA5FF7B64BE99 /* [CP] Check Pods Manifest.lock */ = {
			isa = PBXShellScriptBuildPhase;
			buildActionMask = 2147483647;
			files = (
			);
			inputFileListPaths = (
			);
			inputPaths = (
				"${PODS_PODFILE_DIR_PATH}/Podfile.lock",
				"${PODS_ROOT}/Manifest.lock",
			);
			name = "[CP] Check Pods Manifest.lock";
			outputFileListPaths = (
			);
			outputPaths = (
				"$(DERIVED_FILE_DIR)/Pods-BlessYou-BlessYouUITests-checkManifestLockResult.txt",
			);
			runOnlyForDeploymentPostprocessing = 0;
			shellPath = /bin/sh;
			shellScript = "diff \"${PODS_PODFILE_DIR_PATH}/Podfile.lock\" \"${PODS_ROOT}/Manifest.lock\" > /dev/null\nif [ $? != 0 ] ; then\n    # print error to STDERR\n    echo \"error: The sandbox is not in sync with the Podfile.lock. Run 'pod install' or update your CocoaPods installation.\" >&2\n    exit 1\nfi\n# This output is used by Xcode 'outputs' to avoid re-running this script phase.\necho \"SUCCESS\" > \"${SCRIPT_OUTPUT_FILE_0}\"\n";
			showEnvVarsInLog = 0;
		};
		474C4A5DFBC1B40843D8939E /* [CP] Copy Pods Resources */ = {
			isa = PBXShellScriptBuildPhase;
			buildActionMask = 2147483647;
			files = (
			);
			inputFileListPaths = (
				"${PODS_ROOT}/Target Support Files/Pods-BlessYou-BlessYouUITests/Pods-BlessYou-BlessYouUITests-resources-${CONFIGURATION}-input-files.xcfilelist",
			);
			name = "[CP] Copy Pods Resources";
			outputFileListPaths = (
				"${PODS_ROOT}/Target Support Files/Pods-BlessYou-BlessYouUITests/Pods-BlessYou-BlessYouUITests-resources-${CONFIGURATION}-output-files.xcfilelist",
			);
			runOnlyForDeploymentPostprocessing = 0;
			shellPath = /bin/sh;
			shellScript = "\"${PODS_ROOT}/Target Support Files/Pods-BlessYou-BlessYouUITests/Pods-BlessYou-BlessYouUITests-resources.sh\"\n";
			showEnvVarsInLog = 0;
		};
		53DF414EEE8FCDE143A37159 /* [CP] Check Pods Manifest.lock */ = {
			isa = PBXShellScriptBuildPhase;
			buildActionMask = 2147483647;
			files = (
			);
			inputFileListPaths = (
			);
			inputPaths = (
				"${PODS_PODFILE_DIR_PATH}/Podfile.lock",
				"${PODS_ROOT}/Manifest.lock",
			);
			name = "[CP] Check Pods Manifest.lock";
			outputFileListPaths = (
			);
			outputPaths = (
				"$(DERIVED_FILE_DIR)/Pods-BlessYouTests-checkManifestLockResult.txt",
			);
			runOnlyForDeploymentPostprocessing = 0;
			shellPath = /bin/sh;
			shellScript = "diff \"${PODS_PODFILE_DIR_PATH}/Podfile.lock\" \"${PODS_ROOT}/Manifest.lock\" > /dev/null\nif [ $? != 0 ] ; then\n    # print error to STDERR\n    echo \"error: The sandbox is not in sync with the Podfile.lock. Run 'pod install' or update your CocoaPods installation.\" >&2\n    exit 1\nfi\n# This output is used by Xcode 'outputs' to avoid re-running this script phase.\necho \"SUCCESS\" > \"${SCRIPT_OUTPUT_FILE_0}\"\n";
			showEnvVarsInLog = 0;
		};
		7BC0C1C73655AEA9F640243F /* [CP] Copy Pods Resources */ = {
			isa = PBXShellScriptBuildPhase;
			buildActionMask = 2147483647;
			files = (
			);
			inputFileListPaths = (
				"${PODS_ROOT}/Target Support Files/Pods-BlessYou/Pods-BlessYou-resources-${CONFIGURATION}-input-files.xcfilelist",
			);
			name = "[CP] Copy Pods Resources";
			outputFileListPaths = (
				"${PODS_ROOT}/Target Support Files/Pods-BlessYou/Pods-BlessYou-resources-${CONFIGURATION}-output-files.xcfilelist",
			);
			runOnlyForDeploymentPostprocessing = 0;
			shellPath = /bin/sh;
			shellScript = "\"${PODS_ROOT}/Target Support Files/Pods-BlessYou/Pods-BlessYou-resources.sh\"\n";
			showEnvVarsInLog = 0;
		};
		938AAEBB87A9DF42551A27B4 /* [CP] Embed Pods Frameworks */ = {
			isa = PBXShellScriptBuildPhase;
			buildActionMask = 2147483647;
			files = (
			);
			inputFileListPaths = (
				"${PODS_ROOT}/Target Support Files/Pods-BlessYou-BlessYouUITests/Pods-BlessYou-BlessYouUITests-frameworks-${CONFIGURATION}-input-files.xcfilelist",
			);
			name = "[CP] Embed Pods Frameworks";
			outputFileListPaths = (
				"${PODS_ROOT}/Target Support Files/Pods-BlessYou-BlessYouUITests/Pods-BlessYou-BlessYouUITests-frameworks-${CONFIGURATION}-output-files.xcfilelist",
			);
			runOnlyForDeploymentPostprocessing = 0;
			shellPath = /bin/sh;
			shellScript = "\"${PODS_ROOT}/Target Support Files/Pods-BlessYou-BlessYouUITests/Pods-BlessYou-BlessYouUITests-frameworks.sh\"\n";
			showEnvVarsInLog = 0;
		};
		A16CFD6E47B349F8D02DB266 /* [CP] Embed Pods Frameworks */ = {
			isa = PBXShellScriptBuildPhase;
			buildActionMask = 2147483647;
			files = (
			);
			inputFileListPaths = (
				"${PODS_ROOT}/Target Support Files/Pods-BlessYou/Pods-BlessYou-frameworks-${CONFIGURATION}-input-files.xcfilelist",
			);
			name = "[CP] Embed Pods Frameworks";
			outputFileListPaths = (
				"${PODS_ROOT}/Target Support Files/Pods-BlessYou/Pods-BlessYou-frameworks-${CONFIGURATION}-output-files.xcfilelist",
			);
			runOnlyForDeploymentPostprocessing = 0;
			shellPath = /bin/sh;
			shellScript = "\"${PODS_ROOT}/Target Support Files/Pods-BlessYou/Pods-BlessYou-frameworks.sh\"\n";
			showEnvVarsInLog = 0;
		};
		FB612C69F8732F85B2296405 /* [CP] Check Pods Manifest.lock */ = {
			isa = PBXShellScriptBuildPhase;
			buildActionMask = 2147483647;
			files = (
			);
			inputFileListPaths = (
			);
			inputPaths = (
				"${PODS_PODFILE_DIR_PATH}/Podfile.lock",
				"${PODS_ROOT}/Manifest.lock",
			);
			name = "[CP] Check Pods Manifest.lock";
			outputFileListPaths = (
			);
			outputPaths = (
				"$(DERIVED_FILE_DIR)/Pods-BlessYou-checkManifestLockResult.txt",
			);
			runOnlyForDeploymentPostprocessing = 0;
			shellPath = /bin/sh;
			shellScript = "diff \"${PODS_PODFILE_DIR_PATH}/Podfile.lock\" \"${PODS_ROOT}/Manifest.lock\" > /dev/null\nif [ $? != 0 ] ; then\n    # print error to STDERR\n    echo \"error: The sandbox is not in sync with the Podfile.lock. Run 'pod install' or update your CocoaPods installation.\" >&2\n    exit 1\nfi\n# This output is used by Xcode 'outputs' to avoid re-running this script phase.\necho \"SUCCESS\" > \"${SCRIPT_OUTPUT_FILE_0}\"\n";
			showEnvVarsInLog = 0;
		};
/* End PBXShellScriptBuildPhase section */

/* Begin PBXSourcesBuildPhase section */
		DF8B71A9249A4048004F4751 /* Sources */ = {
			isa = PBXSourcesBuildPhase;
			buildActionMask = 2147483647;
			files = (
				DF79197324AF48960063DF12 /* signInProtocol.swift in Sources */,
				DF79196A24AF17440063DF12 /* dateTimeUtil.swift in Sources */,
				DF79198C24B0A5A30063DF12 /* SubscriptionsCell.swift in Sources */,
				DF84975D24A1DB0F0018348C /* fireStore.swift in Sources */,
				DF5F9034249E4C5A005288F6 /* SubscirbeController.swift in Sources */,
				DF79197924AF596B0063DF12 /* todayBirthdaysController.swift in Sources */,
				DF79197F24B0635E0063DF12 /* blessProtocol.swift in Sources */,
				DF38C95024C1B41B00C9888A /* Spinner.swift in Sources */,
				DF8B71B5249A4048004F4751 /* signInController.swift in Sources */,
				DF79196324AA3CFB0063DF12 /* MyNotification.swift in Sources */,
				DF8B71B1249A4048004F4751 /* AppDelegate.swift in Sources */,
				DF79197724AF57A00063DF12 /* TodayBirthdaysCell.swift in Sources */,
				DF79198324B07BE10063DF12 /* todayBirthdays.swift in Sources */,
				DF79197B24AF6BF40063DF12 /* birthdayDetails.swift in Sources */,
				DF60C46524BA679500D8F04B /* SoundManager.swift in Sources */,
				DF79198924B09C320063DF12 /* subscriptionsController.swift in Sources */,
				DF53CC8924B87CEA0022A4BB /* deleteProtocol.swift in Sources */,
				DF79197D24B0543B0063DF12 /* blessController.swift in Sources */,
				DF79198E24B0B85A0063DF12 /* subscriptionsProtocol.swift in Sources */,
				DF8B71B3249A4048004F4751 /* SceneDelegate.swift in Sources */,
				DF5F9032249A61E7005288F6 /* userGoogle.swift in Sources */,
				DF79198524B08AAD0063DF12 /* chooseDateController.swift in Sources */,
				DF79198724B08ACB0063DF12 /* chooseTypeController.swift in Sources */,
				DF79198124B07A540063DF12 /* homeController.swift in Sources */,
			);
			runOnlyForDeploymentPostprocessing = 0;
		};
		DF8B71BF249A4049004F4751 /* Sources */ = {
			isa = PBXSourcesBuildPhase;
			buildActionMask = 2147483647;
			files = (
				DF8B71C8249A4049004F4751 /* BlessYouTests.swift in Sources */,
			);
			runOnlyForDeploymentPostprocessing = 0;
		};
		DF8B71CA249A4049004F4751 /* Sources */ = {
			isa = PBXSourcesBuildPhase;
			buildActionMask = 2147483647;
			files = (
				DF8B71D3249A4049004F4751 /* BlessYouUITests.swift in Sources */,
			);
			runOnlyForDeploymentPostprocessing = 0;
		};
/* End PBXSourcesBuildPhase section */

/* Begin PBXTargetDependency section */
		DF8B71C5249A4049004F4751 /* PBXTargetDependency */ = {
			isa = PBXTargetDependency;
			target = DF8B71AC249A4048004F4751 /* BlessYou */;
			targetProxy = DF8B71C4249A4049004F4751 /* PBXContainerItemProxy */;
		};
		DF8B71D0249A4049004F4751 /* PBXTargetDependency */ = {
			isa = PBXTargetDependency;
			target = DF8B71AC249A4048004F4751 /* BlessYou */;
			targetProxy = DF8B71CF249A4049004F4751 /* PBXContainerItemProxy */;
		};
/* End PBXTargetDependency section */

/* Begin PBXVariantGroup section */
		DF8B71B6249A4048004F4751 /* Main.storyboard */ = {
			isa = PBXVariantGroup;
			children = (
				DF8B71B7249A4048004F4751 /* Base */,
			);
			name = Main.storyboard;
			sourceTree = "<group>";
		};
		DF8B71BB249A4049004F4751 /* LaunchScreen.storyboard */ = {
			isa = PBXVariantGroup;
			children = (
				DF8B71BC249A4049004F4751 /* Base */,
			);
			name = LaunchScreen.storyboard;
			sourceTree = "<group>";
		};
/* End PBXVariantGroup section */

/* Begin XCBuildConfiguration section */
		DF8B71D5249A4049004F4751 /* Debug */ = {
			isa = XCBuildConfiguration;
			buildSettings = {
				ALWAYS_SEARCH_USER_PATHS = NO;
				CLANG_ANALYZER_NONNULL = YES;
				CLANG_ANALYZER_NUMBER_OBJECT_CONVERSION = YES_AGGRESSIVE;
				CLANG_CXX_LANGUAGE_STANDARD = "gnu++14";
				CLANG_CXX_LIBRARY = "libc++";
				CLANG_ENABLE_MODULES = YES;
				CLANG_ENABLE_OBJC_ARC = YES;
				CLANG_ENABLE_OBJC_WEAK = YES;
				CLANG_WARN_BLOCK_CAPTURE_AUTORELEASING = YES;
				CLANG_WARN_BOOL_CONVERSION = YES;
				CLANG_WARN_COMMA = YES;
				CLANG_WARN_CONSTANT_CONVERSION = YES;
				CLANG_WARN_DEPRECATED_OBJC_IMPLEMENTATIONS = YES;
				CLANG_WARN_DIRECT_OBJC_ISA_USAGE = YES_ERROR;
				CLANG_WARN_DOCUMENTATION_COMMENTS = YES;
				CLANG_WARN_EMPTY_BODY = YES;
				CLANG_WARN_ENUM_CONVERSION = YES;
				CLANG_WARN_INFINITE_RECURSION = YES;
				CLANG_WARN_INT_CONVERSION = YES;
				CLANG_WARN_NON_LITERAL_NULL_CONVERSION = YES;
				CLANG_WARN_OBJC_IMPLICIT_RETAIN_SELF = YES;
				CLANG_WARN_OBJC_LITERAL_CONVERSION = YES;
				CLANG_WARN_OBJC_ROOT_CLASS = YES_ERROR;
				CLANG_WARN_RANGE_LOOP_ANALYSIS = YES;
				CLANG_WARN_STRICT_PROTOTYPES = YES;
				CLANG_WARN_SUSPICIOUS_MOVE = YES;
				CLANG_WARN_UNGUARDED_AVAILABILITY = YES_AGGRESSIVE;
				CLANG_WARN_UNREACHABLE_CODE = YES;
				CLANG_WARN__DUPLICATE_METHOD_MATCH = YES;
				COPY_PHASE_STRIP = NO;
				DEBUG_INFORMATION_FORMAT = dwarf;
				ENABLE_STRICT_OBJC_MSGSEND = YES;
				ENABLE_TESTABILITY = YES;
				GCC_C_LANGUAGE_STANDARD = gnu11;
				GCC_DYNAMIC_NO_PIC = NO;
				GCC_NO_COMMON_BLOCKS = YES;
				GCC_OPTIMIZATION_LEVEL = 0;
				GCC_PREPROCESSOR_DEFINITIONS = (
					"DEBUG=1",
					"$(inherited)",
				);
				GCC_WARN_64_TO_32_BIT_CONVERSION = YES;
				GCC_WARN_ABOUT_RETURN_TYPE = YES_ERROR;
				GCC_WARN_UNDECLARED_SELECTOR = YES;
				GCC_WARN_UNINITIALIZED_AUTOS = YES_AGGRESSIVE;
				GCC_WARN_UNUSED_FUNCTION = YES;
				GCC_WARN_UNUSED_VARIABLE = YES;
				IPHONEOS_DEPLOYMENT_TARGET = 13.2;
				MTL_ENABLE_DEBUG_INFO = INCLUDE_SOURCE;
				MTL_FAST_MATH = YES;
				ONLY_ACTIVE_ARCH = YES;
				SDKROOT = iphoneos;
				SWIFT_ACTIVE_COMPILATION_CONDITIONS = DEBUG;
				SWIFT_OPTIMIZATION_LEVEL = "-Onone";
			};
			name = Debug;
		};
		DF8B71D6249A4049004F4751 /* Release */ = {
			isa = XCBuildConfiguration;
			buildSettings = {
				ALWAYS_SEARCH_USER_PATHS = NO;
				CLANG_ANALYZER_NONNULL = YES;
				CLANG_ANALYZER_NUMBER_OBJECT_CONVERSION = YES_AGGRESSIVE;
				CLANG_CXX_LANGUAGE_STANDARD = "gnu++14";
				CLANG_CXX_LIBRARY = "libc++";
				CLANG_ENABLE_MODULES = YES;
				CLANG_ENABLE_OBJC_ARC = YES;
				CLANG_ENABLE_OBJC_WEAK = YES;
				CLANG_WARN_BLOCK_CAPTURE_AUTORELEASING = YES;
				CLANG_WARN_BOOL_CONVERSION = YES;
				CLANG_WARN_COMMA = YES;
				CLANG_WARN_CONSTANT_CONVERSION = YES;
				CLANG_WARN_DEPRECATED_OBJC_IMPLEMENTATIONS = YES;
				CLANG_WARN_DIRECT_OBJC_ISA_USAGE = YES_ERROR;
				CLANG_WARN_DOCUMENTATION_COMMENTS = YES;
				CLANG_WARN_EMPTY_BODY = YES;
				CLANG_WARN_ENUM_CONVERSION = YES;
				CLANG_WARN_INFINITE_RECURSION = YES;
				CLANG_WARN_INT_CONVERSION = YES;
				CLANG_WARN_NON_LITERAL_NULL_CONVERSION = YES;
				CLANG_WARN_OBJC_IMPLICIT_RETAIN_SELF = YES;
				CLANG_WARN_OBJC_LITERAL_CONVERSION = YES;
				CLANG_WARN_OBJC_ROOT_CLASS = YES_ERROR;
				CLANG_WARN_RANGE_LOOP_ANALYSIS = YES;
				CLANG_WARN_STRICT_PROTOTYPES = YES;
				CLANG_WARN_SUSPICIOUS_MOVE = YES;
				CLANG_WARN_UNGUARDED_AVAILABILITY = YES_AGGRESSIVE;
				CLANG_WARN_UNREACHABLE_CODE = YES;
				CLANG_WARN__DUPLICATE_METHOD_MATCH = YES;
				COPY_PHASE_STRIP = NO;
				DEBUG_INFORMATION_FORMAT = "dwarf-with-dsym";
				ENABLE_NS_ASSERTIONS = NO;
				ENABLE_STRICT_OBJC_MSGSEND = YES;
				GCC_C_LANGUAGE_STANDARD = gnu11;
				GCC_NO_COMMON_BLOCKS = YES;
				GCC_WARN_64_TO_32_BIT_CONVERSION = YES;
				GCC_WARN_ABOUT_RETURN_TYPE = YES_ERROR;
				GCC_WARN_UNDECLARED_SELECTOR = YES;
				GCC_WARN_UNINITIALIZED_AUTOS = YES_AGGRESSIVE;
				GCC_WARN_UNUSED_FUNCTION = YES;
				GCC_WARN_UNUSED_VARIABLE = YES;
				IPHONEOS_DEPLOYMENT_TARGET = 13.2;
				MTL_ENABLE_DEBUG_INFO = NO;
				MTL_FAST_MATH = YES;
				SDKROOT = iphoneos;
				SWIFT_COMPILATION_MODE = wholemodule;
				SWIFT_OPTIMIZATION_LEVEL = "-O";
				VALIDATE_PRODUCT = YES;
			};
			name = Release;
		};
		DF8B71D8249A4049004F4751 /* Debug */ = {
			isa = XCBuildConfiguration;
			baseConfigurationReference = 1EF352C5B57A3DDEA2544AD0 /* Pods-BlessYou.debug.xcconfig */;
			buildSettings = {
				ASSETCATALOG_COMPILER_APPICON_NAME = AppIcon;
				CODE_SIGN_STYLE = Automatic;
				INFOPLIST_FILE = BlessYou/Info.plist;
				LD_RUNPATH_SEARCH_PATHS = (
					"$(inherited)",
					"@executable_path/Frameworks",
				);
				PRODUCT_BUNDLE_IDENTIFIER = BlessYou;
				PRODUCT_NAME = "$(TARGET_NAME)";
				SWIFT_VERSION = 5.0;
				TARGETED_DEVICE_FAMILY = "1,2";
			};
			name = Debug;
		};
		DF8B71D9249A4049004F4751 /* Release */ = {
			isa = XCBuildConfiguration;
			baseConfigurationReference = E1898E6BC2583502AC40F5AC /* Pods-BlessYou.release.xcconfig */;
			buildSettings = {
				ASSETCATALOG_COMPILER_APPICON_NAME = AppIcon;
				CODE_SIGN_STYLE = Automatic;
				INFOPLIST_FILE = BlessYou/Info.plist;
				LD_RUNPATH_SEARCH_PATHS = (
					"$(inherited)",
					"@executable_path/Frameworks",
				);
				PRODUCT_BUNDLE_IDENTIFIER = BlessYou;
				PRODUCT_NAME = "$(TARGET_NAME)";
				SWIFT_VERSION = 5.0;
				TARGETED_DEVICE_FAMILY = "1,2";
			};
			name = Release;
		};
		DF8B71DB249A4049004F4751 /* Debug */ = {
			isa = XCBuildConfiguration;
			baseConfigurationReference = 1E777DE95DDEB621E6374758 /* Pods-BlessYouTests.debug.xcconfig */;
			buildSettings = {
				ALWAYS_EMBED_SWIFT_STANDARD_LIBRARIES = YES;
				BUNDLE_LOADER = "$(TEST_HOST)";
				CODE_SIGN_STYLE = Automatic;
				INFOPLIST_FILE = BlessYouTests/Info.plist;
				IPHONEOS_DEPLOYMENT_TARGET = 13.2;
				LD_RUNPATH_SEARCH_PATHS = (
					"$(inherited)",
					"@executable_path/Frameworks",
					"@loader_path/Frameworks",
				);
				PRODUCT_BUNDLE_IDENTIFIER = "Mor-Soferian.BlessYouTests";
				PRODUCT_NAME = "$(TARGET_NAME)";
				SWIFT_VERSION = 5.0;
				TARGETED_DEVICE_FAMILY = "1,2";
				TEST_HOST = "$(BUILT_PRODUCTS_DIR)/BlessYou.app/BlessYou";
			};
			name = Debug;
		};
		DF8B71DC249A4049004F4751 /* Release */ = {
			isa = XCBuildConfiguration;
			baseConfigurationReference = E4B3114C3908A5A213274F1F /* Pods-BlessYouTests.release.xcconfig */;
			buildSettings = {
				ALWAYS_EMBED_SWIFT_STANDARD_LIBRARIES = YES;
				BUNDLE_LOADER = "$(TEST_HOST)";
				CODE_SIGN_STYLE = Automatic;
				INFOPLIST_FILE = BlessYouTests/Info.plist;
				IPHONEOS_DEPLOYMENT_TARGET = 13.2;
				LD_RUNPATH_SEARCH_PATHS = (
					"$(inherited)",
					"@executable_path/Frameworks",
					"@loader_path/Frameworks",
				);
				PRODUCT_BUNDLE_IDENTIFIER = "Mor-Soferian.BlessYouTests";
				PRODUCT_NAME = "$(TARGET_NAME)";
				SWIFT_VERSION = 5.0;
				TARGETED_DEVICE_FAMILY = "1,2";
				TEST_HOST = "$(BUILT_PRODUCTS_DIR)/BlessYou.app/BlessYou";
			};
			name = Release;
		};
		DF8B71DE249A4049004F4751 /* Debug */ = {
			isa = XCBuildConfiguration;
			baseConfigurationReference = EE18DC2C3CE29DC4D065D0DE /* Pods-BlessYou-BlessYouUITests.debug.xcconfig */;
			buildSettings = {
				ALWAYS_EMBED_SWIFT_STANDARD_LIBRARIES = YES;
				CODE_SIGN_STYLE = Automatic;
				INFOPLIST_FILE = BlessYouUITests/Info.plist;
				LD_RUNPATH_SEARCH_PATHS = (
					"$(inherited)",
					"@executable_path/Frameworks",
					"@loader_path/Frameworks",
				);
				PRODUCT_BUNDLE_IDENTIFIER = "Mor-Soferian.BlessYouUITests";
				PRODUCT_NAME = "$(TARGET_NAME)";
				SWIFT_VERSION = 5.0;
				TARGETED_DEVICE_FAMILY = "1,2";
				TEST_TARGET_NAME = BlessYou;
			};
			name = Debug;
		};
		DF8B71DF249A4049004F4751 /* Release */ = {
			isa = XCBuildConfiguration;
			baseConfigurationReference = 12A3192C2F06400EF188D9DE /* Pods-BlessYou-BlessYouUITests.release.xcconfig */;
			buildSettings = {
				ALWAYS_EMBED_SWIFT_STANDARD_LIBRARIES = YES;
				CODE_SIGN_STYLE = Automatic;
				INFOPLIST_FILE = BlessYouUITests/Info.plist;
				LD_RUNPATH_SEARCH_PATHS = (
					"$(inherited)",
					"@executable_path/Frameworks",
					"@loader_path/Frameworks",
				);
				PRODUCT_BUNDLE_IDENTIFIER = "Mor-Soferian.BlessYouUITests";
				PRODUCT_NAME = "$(TARGET_NAME)";
				SWIFT_VERSION = 5.0;
				TARGETED_DEVICE_FAMILY = "1,2";
				TEST_TARGET_NAME = BlessYou;
			};
			name = Release;
		};
/* End XCBuildConfiguration section */

/* Begin XCConfigurationList section */
		DF8B71A8249A4048004F4751 /* Build configuration list for PBXProject "BlessYou" */ = {
			isa = XCConfigurationList;
			buildConfigurations = (
				DF8B71D5249A4049004F4751 /* Debug */,
				DF8B71D6249A4049004F4751 /* Release */,
			);
			defaultConfigurationIsVisible = 0;
			defaultConfigurationName = Release;
		};
		DF8B71D7249A4049004F4751 /* Build configuration list for PBXNativeTarget "BlessYou" */ = {
			isa = XCConfigurationList;
			buildConfigurations = (
				DF8B71D8249A4049004F4751 /* Debug */,
				DF8B71D9249A4049004F4751 /* Release */,
			);
			defaultConfigurationIsVisible = 0;
			defaultConfigurationName = Release;
		};
		DF8B71DA249A4049004F4751 /* Build configuration list for PBXNativeTarget "BlessYouTests" */ = {
			isa = XCConfigurationList;
			buildConfigurations = (
				DF8B71DB249A4049004F4751 /* Debug */,
				DF8B71DC249A4049004F4751 /* Release */,
			);
			defaultConfigurationIsVisible = 0;
			defaultConfigurationName = Release;
		};
		DF8B71DD249A4049004F4751 /* Build configuration list for PBXNativeTarget "BlessYouUITests" */ = {
			isa = XCConfigurationList;
			buildConfigurations = (
				DF8B71DE249A4049004F4751 /* Debug */,
				DF8B71DF249A4049004F4751 /* Release */,
			);
			defaultConfigurationIsVisible = 0;
			defaultConfigurationName = Release;
		};
/* End XCConfigurationList section */
	};
	rootObject = DF8B71A5249A4048004F4751 /* Project object */;
}
